<Solution>
  <Project Path="SmartShoppingAssistantLigaAc.Api/SmartShoppingAssistantLigaAc.Api.csproj" />
  <Project Path="SmartShoppingAssistantLigaAc.BusinessLogic\SmartShoppingAssistantLigaAc.BusinessLogic.csproj" />
  <Project Path="SmartShoppingAssistantLigaAc.DataAccess/SmartShoppingAssistantLigaAc.DataAccess.csproj" />
</Solution>
